// !$*UTF8*$!
{
	archiveVersion = 1;
	classes = {
	};
	objectVersion = 46;
	objects = {

/* Begin PBXBuildFile section */
		3E9CCF0F1C789BD000EA76F8 /* AppDelegate.swift in Sources */ = {isa = PBXBuildFile; fileRef = 3E9CCF0E1C789BD000EA76F8 /* AppDelegate.swift */; };
		3E9CCF111C789BD000EA76F8 /* ViewController.swift in Sources */ = {isa = PBXBuildFile; fileRef = 3E9CCF101C789BD000EA76F8 /* ViewController.swift */; };
		3E9CCF141C789BD000EA76F8 /* Main.storyboard in Resources */ = {isa = PBXBuildFile; fileRef = 3E9CCF121C789BD000EA76F8 /* Main.storyboard */; };
		3E9CCF161C789BD000EA76F8 /* Assets.xcassets in Resources */ = {isa = PBXBuildFile; fileRef = 3E9CCF151C789BD000EA76F8 /* Assets.xcassets */; };
		3E9CCF191C789BD000EA76F8 /* LaunchScreen.storyboard in Resources */ = {isa = PBXBuildFile; fileRef = 3E9CCF171C789BD000EA76F8 /* LaunchScreen.storyboard */; };
		3E9CCF241C789BD000EA76F8 /* CassiniTests.swift in Sources */ = {isa = PBXBuildFile; fileRef = 3E9CCF231C789BD000EA76F8 /* CassiniTests.swift */; };
		3E9CCF2F1C789BD000EA76F8 /* CassiniUITests.swift in Sources */ = {isa = PBXBuildFile; fileRef = 3E9CCF2E1C789BD000EA76F8 /* CassiniUITests.swift */; };
		3E9CCF411C789D2300EA76F8 /* ImageViewController.swift in Sources */ = {isa = PBXBuildFile; fileRef = 3E9CCF401C789D2300EA76F8 /* ImageViewController.swift */; };
		3E9CCF431C78A08700EA76F8 /* DemoUrl.swift in Sources */ = {isa = PBXBuildFile; fileRef = 3E9CCF421C78A08700EA76F8 /* DemoUrl.swift */; };
/* End PBXBuildFile section */

/* Begin PBXContainerItemProxy section */
		3E9CCF201C789BD000EA76F8 /* PBXContainerItemProxy */ = {
			isa = PBXContainerItemProxy;
			containerPortal = 3E9CCF031C789BCF00EA76F8 /* Project object */;
			proxyType = 1;
			remoteGlobalIDString = 3E9CCF0A1C789BCF00EA76F8;
			remoteInfo = Cassini;
		};
		3E9CCF2B1C789BD000EA76F8 /* PBXContainerItemProxy */ = {
			isa = PBXContainerItemProxy;
			containerPortal = 3E9CCF031C789BCF00EA76F8 /* Project object */;
			proxyType = 1;
			remoteGlobalIDString = 3E9CCF0A1C789BCF00EA76F8;
			remoteInfo = Cassini;
		};
/* End PBXContainerItemProxy section */

/* Begin PBXFileReference section */
		3E9CCF0B1C789BCF00EA76F8 /* Cassini.app */ = {isa = PBXFileReference; explicitFileType = wrapper.application; includeInIndex = 0; path = Cassini.app; sourceTree = BUILT_PRODUCTS_DIR; };
		3E9CCF0E1C789BD000EA76F8 /* AppDelegate.swift */ = {isa = PBXFileReference; lastKnownFileType = sourcecode.swift; path = AppDelegate.swift; sourceTree = "<group>"; };
		3E9CCF101C789BD000EA76F8 /* ViewController.swift */ = {isa = PBXFileReference; lastKnownFileType = sourcecode.swift; path = ViewController.swift; sourceTree = "<group>"; };
		3E9CCF131C789BD000EA76F8 /* Base */ = {isa = PBXFileReference; lastKnownFileType = file.storyboard; name = Base; path = Base.lproj/Main.storyboard; sourceTree = "<group>"; };
		3E9CCF151C789BD000EA76F8 /* Assets.xcassets */ = {isa = PBXFileReference; lastKnownFileType = folder.assetcatalog; path = Assets.xcassets; sourceTree = "<group>"; };
		3E9CCF181C789BD000EA76F8 /* Base */ = {isa = PBXFileReference; lastKnownFileType = file.storyboard; name = Base; path = Base.lproj/LaunchScreen.storyboard; sourceTree = "<group>"; };
		3E9CCF1A1C789BD000EA76F8 /* Info.plist */ = {isa = PBXFileReference; lastKnownFileType = text.plist.xml; path = Info.plist; sourceTree = "<group>"; };
		3E9CCF1F1C789BD000EA76F8 /* CassiniTests.xctest */ = {isa = PBXFileReference; explicitFileType = wrapper.cfbundle; includeInIndex = 0; path = CassiniTests.xctest; sourceTree = BUILT_PRODUCTS_DIR; };
		3E9CCF231C789BD000EA76F8 /* CassiniTests.swift */ = {isa = PBXFileReference; lastKnownFileType = sourcecode.swift; path = CassiniTests.swift; sourceTree = "<group>"; };
		3E9CCF251C789BD000EA76F8 /* Info.plist */ = {isa = PBXFileReference; lastKnownFileType = text.plist.xml; path = Info.plist; sourceTree = "<group>"; };
		3E9CCF2A1C789BD000EA76F8 /* CassiniUITests.xctest */ = {isa = PBXFileReference; explicitFileType = wrapper.cfbundle; includeInIndex = 0; path = CassiniUITests.xctest; sourceTree = BUILT_PRODUCTS_DIR; };
		3E9CCF2E1C789BD000EA76F8 /* CassiniUITests.swift */ = {isa = PBXFileReference; lastKnownFileType = sourcecode.swift; path = CassiniUITests.swift; sourceTree = "<group>"; };
		3E9CCF301C789BD000EA76F8 /* Info.plist */ = {isa = PBXFileReference; lastKnownFileType = text.plist.xml; path = Info.plist; sourceTree = "<group>"; };
		3E9CCF401C789D2300EA76F8 /* ImageViewController.swift */ = {isa = PBXFileReference; fileEncoding = 4; lastKnownFileType = sourcecode.swift; path = ImageViewController.swift; sourceTree = "<group>"; };
		3E9CCF421C78A08700EA76F8 /* DemoUrl.swift */ = {isa = PBXFileReference; fileEncoding = 4; lastKnownFileType = sourcecode.swift; path = DemoUrl.swift; sourceTree = "<group>"; };
/* End PBXFileReference section */

/* Begin PBXFrameworksBuildPhase section */
		3E9CCF081C789BCF00EA76F8 /* Frameworks */ = {
			isa = PBXFrameworksBuildPhase;
			buildActionMask = 2147483647;
			files = (
			);
			runOnlyForDeploymentPostprocessing = 0;
		};
		3E9CCF1C1C789BD000EA76F8 /* Frameworks */ = {
			isa = PBXFrameworksBuildPhase;
			buildActionMask = 2147483647;
			files = (
			);
			runOnlyForDeploymentPostprocessing = 0;
		};
		3E9CCF271C789BD000EA76F8 /* Frameworks */ = {
			isa = PBXFrameworksBuildPhase;
			buildActionMask = 2147483647;
			files = (
			);
			runOnlyForDeploymentPostprocessing = 0;
		};
/* End PBXFrameworksBuildPhase section */

/* Begin PBXGroup section */
		3E9CCF021C789BCF00EA76F8 = {
			isa = PBXGroup;
			children = (
				3E9CCF0D1C789BD000EA76F8 /* Cassini */,
				3E9CCF221C789BD000EA76F8 /* CassiniTests */,
				3E9CCF2D1C789BD000EA76F8 /* CassiniUITests */,
				3E9CCF0C1C789BCF00EA76F8 /* Products */,
			);
			sourceTree = "<group>";
		};
		3E9CCF0C1C789BCF00EA76F8 /* Products */ = {
			isa = PBXGroup;
			children = (
				3E9CCF0B1C789BCF00EA76F8 /* Cassini.app */,
				3E9CCF1F1C789BD000EA76F8 /* CassiniTests.xctest */,
				3E9CCF2A1C789BD000EA76F8 /* CassiniUITests.xctest */,
			);
			name = Products;
			sourceTree = "<group>";
		};
		3E9CCF0D1C789BD000EA76F8 /* Cassini */ = {
			isa = PBXGroup;
			children = (
				3E9CCF0E1C789BD000EA76F8 /* AppDelegate.swift */,
				3E9CCF401C789D2300EA76F8 /* ImageViewController.swift */,
				3E9CCF101C789BD000EA76F8 /* ViewController.swift */,
				3E9CCF121C789BD000EA76F8 /* Main.storyboard */,
				3E9CCF151C789BD000EA76F8 /* Assets.xcassets */,
				3E9CCF171C789BD000EA76F8 /* LaunchScreen.storyboard */,
				3E9CCF1A1C789BD000EA76F8 /* Info.plist */,
				3E9CCF421C78A08700EA76F8 /* DemoUrl.swift */,
			);
			path = Cassini;
			sourceTree = "<group>";
		};
		3E9CCF221C789BD000EA76F8 /* CassiniTests */ = {
			isa = PBXGroup;
			children = (
				3E9CCF231C789BD000EA76F8 /* CassiniTests.swift */,
				3E9CCF251C789BD000EA76F8 /* Info.plist */,
			);
			path = CassiniTests;
			sourceTree = "<group>";
		};
		3E9CCF2D1C789BD000EA76F8 /* CassiniUITests */ = {
			isa = PBXGroup;
			children = (
				3E9CCF2E1C789BD000EA76F8 /* CassiniUITests.swift */,
				3E9CCF301C789BD000EA76F8 /* Info.plist */,
			);
			path = CassiniUITests;
			sourceTree = "<group>";
		};
/* End PBXGroup section */

/* Begin PBXNativeTarget section */
		3E9CCF0A1C789BCF00EA76F8 /* Cassini */ = {
			isa = PBXNativeTarget;
			buildConfigurationList = 3E9CCF331C789BD000EA76F8 /* Build configuration list for PBXNativeTarget "Cassini" */;
			buildPhases = (
				3E9CCF071C789BCF00EA76F8 /* Sources */,
				3E9CCF081C789BCF00EA76F8 /* Frameworks */,
				3E9CCF091C789BCF00EA76F8 /* Resources */,
			);
			buildRules = (
			);
			dependencies = (
			);
			name = Cassini;
			productName = Cassini;
			productReference = 3E9CCF0B1C789BCF00EA76F8 /* Cassini.app */;
			productType = "com.apple.product-type.application";
		};
		3E9CCF1E1C789BD000EA76F8 /* CassiniTests */ = {
			isa = PBXNativeTarget;
			buildConfigurationList = 3E9CCF361C789BD000EA76F8 /* Build configuration list for PBXNativeTarget "CassiniTests" */;
			buildPhases = (
				3E9CCF1B1C789BD000EA76F8 /* Sources */,
				3E9CCF1C1C789BD000EA76F8 /* Frameworks */,
				3E9CCF1D1C789BD000EA76F8 /* Resources */,
			);
			buildRules = (
			);
			dependencies = (
				3E9CCF211C789BD000EA76F8 /* PBXTargetDependency */,
			);
			name = CassiniTests;
			productName = CassiniTests;
			productReference = 3E9CCF1F1C789BD000EA76F8 /* CassiniTests.xctest */;
			productType = "com.apple.product-type.bundle.unit-test";
		};
		3E9CCF291C789BD000EA76F8 /* CassiniUITests */ = {
			isa = PBXNativeTarget;
			buildConfigurationList = 3E9CCF391C789BD000EA76F8 /* Build configuration list for PBXNativeTarget "CassiniUITests" */;
			buildPhases = (
				3E9CCF261C789BD000EA76F8 /* Sources */,
				3E9CCF271C789BD000EA76F8 /* Frameworks */,
				3E9CCF281C789BD000EA76F8 /* Resources */,
			);
			buildRules = (
			);
			dependencies = (
				3E9CCF2C1C789BD000EA76F8 /* PBXTargetDependency */,
			);
			name = CassiniUITests;
			productName = CassiniUITests;
			productReference = 3E9CCF2A1C789BD000EA76F8 /* CassiniUITests.xctest */;
			productType = "com.apple.product-type.bundle.ui-testing";
		};
/* End PBXNativeTarget section */

/* Begin PBXProject section */
		3E9CCF031C789BCF00EA76F8 /* Project object */ = {
			isa = PBXProject;
			attributes = {
				LastSwiftUpdateCheck = 0720;
				LastUpgradeCheck = 0720;
				ORGANIZATIONNAME = ddd.cc;
				TargetAttributes = {
					3E9CCF0A1C789BCF00EA76F8 = {
						CreatedOnToolsVersion = 7.2;
						DevelopmentTeam = 87CFRK7Q77;
					};
					3E9CCF1E1C789BD000EA76F8 = {
						CreatedOnToolsVersion = 7.2;
						DevelopmentTeam = 87CFRK7Q77;
						TestTargetID = 3E9CCF0A1C789BCF00EA76F8;
					};
					3E9CCF291C789BD000EA76F8 = {
						CreatedOnToolsVersion = 7.2;
						DevelopmentTeam = 87CFRK7Q77;
						TestTargetID = 3E9CCF0A1C789BCF00EA76F8;
					};
				};
			};
			buildConfigurationList = 3E9CCF061C789BCF00EA76F8 /* Build configuration list for PBXProject "Cassini" */;
			compatibilityVersion = "Xcode 3.2";
			developmentRegion = English;
			hasScannedForEncodings = 0;
			knownRegions = (
				en,
				Base,
			);
			mainGroup = 3E9CCF021C789BCF00EA76F8;
			productRefGroup = 3E9CCF0C1C789BCF00EA76F8 /* Products */;
			projectDirPath = "";
			projectRoot = "";
			targets = (
				3E9CCF0A1C789BCF00EA76F8 /* Cassini */,
				3E9CCF1E1C789BD000EA76F8 /* CassiniTests */,
				3E9CCF291C789BD000EA76F8 /* CassiniUITests */,
			);
		};
/* End PBXProject section */

/* Begin PBXResourcesBuildPhase section */
		3E9CCF091C789BCF00EA76F8 /* Resources */ = {
			isa = PBXResourcesBuildPhase;
			buildActionMask = 2147483647;
			files = (
				3E9CCF191C789BD000EA76F8 /* LaunchScreen.storyboard in Resources */,
				3E9CCF161C789BD000EA76F8 /* Assets.xcassets in Resources */,
				3E9CCF141C789BD000EA76F8 /* Main.storyboard in Resources */,
			);
			runOnlyForDeploymentPostprocessing = 0;
		};
		3E9CCF1D1C789BD000EA76F8 /* Resources */ = {
			isa = PBXResourcesBuildPhase;
			buildActionMask = 2147483647;
			files = (
			);
			runOnlyForDeploymentPostprocessing = 0;
		};
		3E9CCF281C789BD000EA76F8 /* Resources */ = {
			isa = PBXResourcesBuildPhase;
			buildActionMask = 2147483647;
			files = (
			);
			runOnlyForDeploymentPostprocessing = 0;
		};
/* End PBXResourcesBuildPhase section */

/* Begin PBXSourcesBuildPhase section */
		3E9CCF071C789BCF00EA76F8 /* Sources */ = {
			isa = PBXSourcesBuildPhase;
			buildActionMask = 2147483647;
			files = (
				3E9CCF431C78A08700EA76F8 /* DemoUrl.swift in Sources */,
				3E9CCF111C789BD000EA76F8 /* ViewController.swift in Sources */,
				3E9CCF411C789D2300EA76F8 /* ImageViewController.swift in Sources */,
				3E9CCF0F1C789BD000EA76F8 /* AppDelegate.swift in Sources */,
			);
			runOnlyForDeploymentPostprocessing = 0;
		};
		3E9CCF1B1C789BD000EA76F8 /* Sources */ = {
			isa = PBXSourcesBuildPhase;
			buildActionMask = 2147483647;
			files = (
				3E9CCF241C789BD000EA76F8 /* CassiniTests.swift in Sources */,
			);
			runOnlyForDeploymentPostprocessing = 0;
		};
		3E9CCF261C789BD000EA76F8 /* Sources */ = {
			isa = PBXSourcesBuildPhase;
			buildActionMask = 2147483647;
			files = (
				3E9CCF2F1C789BD000EA76F8 /* CassiniUITests.swift in Sources */,
			);
			runOnlyForDeploymentPostprocessing = 0;
		};
/* End PBXSourcesBuildPhase section */

/* Begin PBXTargetDependency section */
		3E9CCF211C789BD000EA76F8 /* PBXTargetDependency */ = {
			isa = PBXTargetDependency;
			target = 3E9CCF0A1C789BCF00EA76F8 /* Cassini */;
			targetProxy = 3E9CCF201C789BD000EA76F8 /* PBXContainerItemProxy */;
		};
		3E9CCF2C1C789BD000EA76F8 /* PBXTargetDependency */ = {
			isa = PBXTargetDependency;
			target = 3E9CCF0A1C789BCF00EA76F8 /* Cassini */;
			targetProxy = 3E9CCF2B1C789BD000EA76F8 /* PBXContainerItemProxy */;
		};
/* End PBXTargetDependency section */

/* Begin PBXVariantGroup section */
		3E9CCF121C789BD000EA76F8 /* Main.storyboard */ = {
			isa = PBXVariantGroup;
			children = (
				3E9CCF131C789BD000EA76F8 /* Base */,
			);
			name = Main.storyboard;
			sourceTree = "<group>";
		};
		3E9CCF171C789BD000EA76F8 /* LaunchScreen.storyboard */ = {
			isa = PBXVariantGroup;
			children = (
				3E9CCF181C789BD000EA76F8 /* Base */,
			);
			name = LaunchScreen.storyboard;
			sourceTree = "<group>";
		};
/* End PBXVariantGroup section */

/* Begin XCBuildConfiguration section */
		3E9CCF311C789BD000EA76F8 /* Debug */ = {
			isa = XCBuildConfiguration;
			buildSettings = {
				ALWAYS_SEARCH_USER_PATHS = NO;
				CLANG_CXX_LANGUAGE_STANDARD = "gnu++0x";
				CLANG_CXX_LIBRARY = "libc++";
				CLANG_ENABLE_MODULES = YES;
				CLANG_ENABLE_OBJC_ARC = YES;
				CLANG_WARN_BOOL_CONVERSION = YES;
				CLANG_WARN_CONSTANT_CONVERSION = YES;
				CLANG_WARN_DIRECT_OBJC_ISA_USAGE = YES_ERROR;
				CLANG_WARN_EMPTY_BODY = YES;
				CLANG_WARN_ENUM_CONVERSION = YES;
				CLANG_WARN_INT_CONVERSION = YES;
				CLANG_WARN_OBJC_ROOT_CLASS = YES_ERROR;
				CLANG_WARN_UNREACHABLE_CODE = YES;
				CLANG_WARN__DUPLICATE_METHOD_MATCH = YES;
				"CODE_SIGN_IDENTITY[sdk=iphoneos*]" = "iPhone Developer";
				COPY_PHASE_STRIP = NO;
				DEBUG_INFORMATION_FORMAT = dwarf;
				ENABLE_STRICT_OBJC_MSGSEND = YES;
				ENABLE_TESTABILITY = YES;
				GCC_C_LANGUAGE_STANDARD = gnu99;
				GCC_DYNAMIC_NO_PIC = NO;
				GCC_NO_COMMON_BLOCKS = YES;
				GCC_OPTIMIZATION_LEVEL = 0;
				GCC_PREPROCESSOR_DEFINITIONS = (
					"DEBUG=1",
					"$(inherited)",
				);
				GCC_WARN_64_TO_32_BIT_CONVERSION = YES;
				GCC_WARN_ABOUT_RETURN_TYPE = YES_ERROR;
				GCC_WARN_UNDECLARED_SELECTOR = YES;
				GCC_WARN_UNINITIALIZED_AUTOS = YES_AGGRESSIVE;
				GCC_WARN_UNUSED_FUNCTION = YES;
				GCC_WARN_UNUSED_VARIABLE = YES;
				IPHONEOS_DEPLOYMENT_TARGET = 9.2;
				MTL_ENABLE_DEBUG_INFO = YES;
				ONLY_ACTIVE_ARCH = YES;
				SDKROOT = iphoneos;
				SWIFT_OPTIMIZATION_LEVEL = "-Onone";
				TARGETED_DEVICE_FAMILY = "1,2";
			};
			name = Debug;
		};
		3E9CCF321C789BD000EA76F8 /* Release */ = {
			isa = XCBuildConfiguration;
			buildSettings = {
				ALWAYS_SEARCH_USER_PATHS = NO;
				CLANG_CXX_LANGUAGE_STANDARD = "gnu++0x";
				CLANG_CXX_LIBRARY = "libc++";
				CLANG_ENABLE_MODULES = YES;
				CLANG_ENABLE_OBJC_ARC = YES;
				CLANG_WARN_BOOL_CONVERSION = YES;
				CLANG_WARN_CONSTANT_CONVERSION = YES;
				CLANG_WARN_DIRECT_OBJC_ISA_USAGE = YES_ERROR;
				CLANG_WARN_EMPTY_BODY = YES;
				CLANG_WARN_ENUM_CONVERSION = YES;
				CLANG_WARN_INT_CONVERSION = YES;
				CLANG_WARN_OBJC_ROOT_CLASS = YES_ERROR;
				CLANG_WARN_UNREACHABLE_CODE = YES;
				CLANG_WARN__DUPLICATE_METHOD_MATCH = YES;
				"CODE_SIGN_IDENTITY[sdk=iphoneos*]" = "iPhone Developer";
				COPY_PHASE_STRIP = NO;
				DEBUG_INFORMATION_FORMAT = "dwarf-with-dsym";
				ENABLE_NS_ASSERTIONS = NO;
				ENABLE_STRICT_OBJC_MSGSEND = YES;
				GCC_C_LANGUAGE_STANDARD = gnu99;
				GCC_NO_COMMON_BLOCKS = YES;
				GCC_WARN_64_TO_32_BIT_CONVERSION = YES;
				GCC_WARN_ABOUT_RETURN_TYPE = YES_ERROR;
				GCC_WARN_UNDECLARED_SELECTOR = YES;
				GCC_WARN_UNINITIALIZED_AUTOS = YES_AGGRESSIVE;
				GCC_WARN_UNUSED_FUNCTION = YES;
				GCC_WARN_UNUSED_VARIABLE = YES;
				IPHONEOS_DEPLOYMENT_TARGET = 9.2;
				MTL_ENABLE_DEBUG_INFO = NO;
				SDKROOT = iphoneos;
				TARGETED_DEVICE_FAMILY = "1,2";
				VALIDATE_PRODUCT = YES;
			};
			name = Release;
		};
		3E9CCF341C789BD000EA76F8 /* Debug */ = {
			isa = XCBuildConfiguration;
			buildSettings = {
				ASSETCATALOG_COMPILER_APPICON_NAME = AppIcon;
				INFOPLIST_FILE = Cassini/Info.plist;
				LD_RUNPATH_SEARCH_PATHS = "$(inherited) @executable_path/Frameworks";
				PRODUCT_BUNDLE_IDENTIFIER = com.ddd.Cassini;
				PRODUCT_NAME = "$(TARGET_NAME)";
			};
			name = Debug;
		};
		3E9CCF351C789BD000EA76F8 /* Release */ = {
			isa = XCBuildConfiguration;
			buildSettings = {
				ASSETCATALOG_COMPILER_APPICON_NAME = AppIcon;
				INFOPLIST_FILE = Cassini/Info.plist;
				LD_RUNPATH_SEARCH_PATHS = "$(inherited) @executable_path/Frameworks";
				PRODUCT_BUNDLE_IDENTIFIER = com.ddd.Cassini;
				PRODUCT_NAME = "$(TARGET_NAME)";
			};
			name = Release;
		};
		3E9CCF371C789BD000EA76F8 /* Debug */ = {
			isa = XCBuildConfiguration;
			buildSettings = {
				BUNDLE_LOADER = "$(TEST_HOST)";
				INFOPLIST_FILE = CassiniTests/Info.plist;
				LD_RUNPATH_SEARCH_PATHS = "$(inherited) @executable_path/Frameworks @loader_path/Frameworks";
				PRODUCT_BUNDLE_IDENTIFIER = com.ddd.CassiniTests;
				PRODUCT_NAME = "$(TARGET_NAME)";
				TEST_HOST = "$(BUILT_PRODUCTS_DIR)/Cassini.app/Cassini";
			};
			name = Debug;
		};
		3E9CCF381C789BD000EA76F8 /* Release */ = {
			isa = XCBuildConfiguration;
			buildSettings = {
				BUNDLE_LOADER = "$(TEST_HOST)";
				INFOPLIST_FILE = CassiniTests/Info.plist;
				LD_RUNPATH_SEARCH_PATHS = "$(inherited) @executable_path/Frameworks @loader_path/Frameworks";
				PRODUCT_BUNDLE_IDENTIFIER = com.ddd.CassiniTests;
				PRODUCT_NAME = "$(TARGET_NAME)";
				TEST_HOST = "$(BUILT_PRODUCTS_DIR)/Cassini.app/Cassini";
			};
			name = Release;
		};
		3E9CCF3A1C789BD000EA76F8 /* Debug */ = {
			isa = XCBuildConfiguration;
			buildSettings = {
				INFOPLIST_FILE = CassiniUITests/Info.plist;
				LD_RUNPATH_SEARCH_PATHS = "$(inherited) @executable_path/Frameworks @loader_path/Frameworks";
				PRODUCT_BUNDLE_IDENTIFIER = com.ddd.CassiniUITests;
				PRODUCT_NAME = "$(TARGET_NAME)";
				TEST_TARGET_NAME = Cassini;
				USES_XCTRUNNER = YES;
			};
			name = Debug;
		};
		3E9CCF3B1C789BD000EA76F8 /* Release */ = {
			isa = XCBuildConfiguration;
			buildSettings = {
				INFOPLIST_FILE = CassiniUITests/Info.plist;
				LD_RUNPATH_SEARCH_PATHS = "$(inherited) @executable_path/Frameworks @loader_path/Frameworks";
				PRODUCT_BUNDLE_IDENTIFIER = com.ddd.CassiniUITests;
				PRODUCT_NAME = "$(TARGET_NAME)";
				TEST_TARGET_NAME = Cassini;
				USES_XCTRUNNER = YES;
			};
			name = Release;
		};
/* End XCBuildConfiguration section */

/* Begin XCConfigurationList section */
		3E9CCF061C789BCF00EA76F8 /* Build configuration list for PBXProject "Cassini" */ = {
			isa = XCConfigurationList;
			buildConfigurations = (
				3E9CCF311C789BD000EA76F8 /* Debug */,
				3E9CCF321C789BD000EA76F8 /* Release */,
			);
			defaultConfigurationIsVisible = 0;
			defaultConfigurationName = Release;
		};
		3E9CCF331C789BD000EA76F8 /* Build configuration list for PBXNativeTarget "Cassini" */ = {
			isa = XCConfigurationList;
			buildConfigurations = (
				3E9CCF341C789BD000EA76F8 /* Debug */,
				3E9CCF351C789BD000EA76F8 /* Release */,
			);
			defaultConfigurationIsVisible = 0;
		};
		3E9CCF361C789BD000EA76F8 /* Build configuration list for PBXNativeTarget "CassiniTests" */ = {
			isa = XCConfigurationList;
			buildConfigurations = (
				3E9CCF371C789BD000EA76F8 /* Debug */,
				3E9CCF381C789BD000EA76F8 /* Release */,
			);
			defaultConfigurationIsVisible = 0;
		};
		3E9CCF391C789BD000EA76F8 /* Build configuration list for PBXNativeTarget "CassiniUITests" */ = {
			isa = XCConfigurationList;
			buildConfigurations = (
				3E9CCF3A1C789BD000EA76F8 /* Debug */,
				3E9CCF3B1C789BD000EA76F8 /* Release */,
			);
			defaultConfigurationIsVisible = 0;
		};
/* End XCConfigurationList section */
	};
	rootObject = 3E9CCF031C789BCF00EA76F8 /* Project object */;
}
