// !$*UTF8*$!
{
	archiveVersion = 1;
	classes = {
	};
	objectVersion = 46;
	objects = {

/* Begin PBXBuildFile section */
		3EE6DD401C7CA2F1009AD520 /* AppDelegate.swift in Sources */ = {isa = PBXBuildFile; fileRef = 3EE6DD3F1C7CA2F1009AD520 /* AppDelegate.swift */; };
		3EE6DD421C7CA2F1009AD520 /* ViewController.swift in Sources */ = {isa = PBXBuildFile; fileRef = 3EE6DD411C7CA2F1009AD520 /* ViewController.swift */; };
		3EE6DD451C7CA2F1009AD520 /* Main.storyboard in Resources */ = {isa = PBXBuildFile; fileRef = 3EE6DD431C7CA2F1009AD520 /* Main.storyboard */; };
		3EE6DD471C7CA2F1009AD520 /* Assets.xcassets in Resources */ = {isa = PBXBuildFile; fileRef = 3EE6DD461C7CA2F1009AD520 /* Assets.xcassets */; };
		3EE6DD4A1C7CA2F1009AD520 /* LaunchScreen.storyboard in Resources */ = {isa = PBXBuildFile; fileRef = 3EE6DD481C7CA2F1009AD520 /* LaunchScreen.storyboard */; };
		3EE6DD551C7CA2F1009AD520 /* LoveFinderTests.swift in Sources */ = {isa = PBXBuildFile; fileRef = 3EE6DD541C7CA2F1009AD520 /* LoveFinderTests.swift */; };
		3EE6DD601C7CA2F1009AD520 /* LoveFinderUITests.swift in Sources */ = {isa = PBXBuildFile; fileRef = 3EE6DD5F1C7CA2F1009AD520 /* LoveFinderUITests.swift */; };
/* End PBXBuildFile section */

/* Begin PBXContainerItemProxy section */
		3EE6DD511C7CA2F1009AD520 /* PBXContainerItemProxy */ = {
			isa = PBXContainerItemProxy;
			containerPortal = 3EE6DD341C7CA2F1009AD520 /* Project object */;
			proxyType = 1;
			remoteGlobalIDString = 3EE6DD3B1C7CA2F1009AD520;
			remoteInfo = LoveFinder;
		};
		3EE6DD5C1C7CA2F1009AD520 /* PBXContainerItemProxy */ = {
			isa = PBXContainerItemProxy;
			containerPortal = 3EE6DD341C7CA2F1009AD520 /* Project object */;
			proxyType = 1;
			remoteGlobalIDString = 3EE6DD3B1C7CA2F1009AD520;
			remoteInfo = LoveFinder;
		};
/* End PBXContainerItemProxy section */

/* Begin PBXFileReference section */
		3EE6DD3C1C7CA2F1009AD520 /* LoveFinder.app */ = {isa = PBXFileReference; explicitFileType = wrapper.application; includeInIndex = 0; path = LoveFinder.app; sourceTree = BUILT_PRODUCTS_DIR; };
		3EE6DD3F1C7CA2F1009AD520 /* AppDelegate.swift */ = {isa = PBXFileReference; lastKnownFileType = sourcecode.swift; path = AppDelegate.swift; sourceTree = "<group>"; };
		3EE6DD411C7CA2F1009AD520 /* ViewController.swift */ = {isa = PBXFileReference; lastKnownFileType = sourcecode.swift; path = ViewController.swift; sourceTree = "<group>"; };
		3EE6DD441C7CA2F1009AD520 /* Base */ = {isa = PBXFileReference; lastKnownFileType = file.storyboard; name = Base; path = Base.lproj/Main.storyboard; sourceTree = "<group>"; };
		3EE6DD461C7CA2F1009AD520 /* Assets.xcassets */ = {isa = PBXFileReference; lastKnownFileType = folder.assetcatalog; path = Assets.xcassets; sourceTree = "<group>"; };
		3EE6DD491C7CA2F1009AD520 /* Base */ = {isa = PBXFileReference; lastKnownFileType = file.storyboard; name = Base; path = Base.lproj/LaunchScreen.storyboard; sourceTree = "<group>"; };
		3EE6DD4B1C7CA2F1009AD520 /* Info.plist */ = {isa = PBXFileReference; lastKnownFileType = text.plist.xml; path = Info.plist; sourceTree = "<group>"; };
		3EE6DD501C7CA2F1009AD520 /* LoveFinderTests.xctest */ = {isa = PBXFileReference; explicitFileType = wrapper.cfbundle; includeInIndex = 0; path = LoveFinderTests.xctest; sourceTree = BUILT_PRODUCTS_DIR; };
		3EE6DD541C7CA2F1009AD520 /* LoveFinderTests.swift */ = {isa = PBXFileReference; lastKnownFileType = sourcecode.swift; path = LoveFinderTests.swift; sourceTree = "<group>"; };
		3EE6DD561C7CA2F1009AD520 /* Info.plist */ = {isa = PBXFileReference; lastKnownFileType = text.plist.xml; path = Info.plist; sourceTree = "<group>"; };
		3EE6DD5B1C7CA2F1009AD520 /* LoveFinderUITests.xctest */ = {isa = PBXFileReference; explicitFileType = wrapper.cfbundle; includeInIndex = 0; path = LoveFinderUITests.xctest; sourceTree = BUILT_PRODUCTS_DIR; };
		3EE6DD5F1C7CA2F1009AD520 /* LoveFinderUITests.swift */ = {isa = PBXFileReference; lastKnownFileType = sourcecode.swift; path = LoveFinderUITests.swift; sourceTree = "<group>"; };
		3EE6DD611C7CA2F1009AD520 /* Info.plist */ = {isa = PBXFileReference; lastKnownFileType = text.plist.xml; path = Info.plist; sourceTree = "<group>"; };
/* End PBXFileReference section */

/* Begin PBXFrameworksBuildPhase section */
		3EE6DD391C7CA2F1009AD520 /* Frameworks */ = {
			isa = PBXFrameworksBuildPhase;
			buildActionMask = 2147483647;
			files = (
			);
			runOnlyForDeploymentPostprocessing = 0;
		};
		3EE6DD4D1C7CA2F1009AD520 /* Frameworks */ = {
			isa = PBXFrameworksBuildPhase;
			buildActionMask = 2147483647;
			files = (
			);
			runOnlyForDeploymentPostprocessing = 0;
		};
		3EE6DD581C7CA2F1009AD520 /* Frameworks */ = {
			isa = PBXFrameworksBuildPhase;
			buildActionMask = 2147483647;
			files = (
			);
			runOnlyForDeploymentPostprocessing = 0;
		};
/* End PBXFrameworksBuildPhase section */

/* Begin PBXGroup section */
		3EE6DD331C7CA2F1009AD520 = {
			isa = PBXGroup;
			children = (
				3EE6DD3E1C7CA2F1009AD520 /* LoveFinder */,
				3EE6DD531C7CA2F1009AD520 /* LoveFinderTests */,
				3EE6DD5E1C7CA2F1009AD520 /* LoveFinderUITests */,
				3EE6DD3D1C7CA2F1009AD520 /* Products */,
			);
			sourceTree = "<group>";
		};
		3EE6DD3D1C7CA2F1009AD520 /* Products */ = {
			isa = PBXGroup;
			children = (
				3EE6DD3C1C7CA2F1009AD520 /* LoveFinder.app */,
				3EE6DD501C7CA2F1009AD520 /* LoveFinderTests.xctest */,
				3EE6DD5B1C7CA2F1009AD520 /* LoveFinderUITests.xctest */,
			);
			name = Products;
			sourceTree = "<group>";
		};
		3EE6DD3E1C7CA2F1009AD520 /* LoveFinder */ = {
			isa = PBXGroup;
			children = (
				3EE6DD3F1C7CA2F1009AD520 /* AppDelegate.swift */,
				3EE6DD411C7CA2F1009AD520 /* ViewController.swift */,
				3EE6DD431C7CA2F1009AD520 /* Main.storyboard */,
				3EE6DD461C7CA2F1009AD520 /* Assets.xcassets */,
				3EE6DD481C7CA2F1009AD520 /* LaunchScreen.storyboard */,
				3EE6DD4B1C7CA2F1009AD520 /* Info.plist */,
			);
			path = LoveFinder;
			sourceTree = "<group>";
		};
		3EE6DD531C7CA2F1009AD520 /* LoveFinderTests */ = {
			isa = PBXGroup;
			children = (
				3EE6DD541C7CA2F1009AD520 /* LoveFinderTests.swift */,
				3EE6DD561C7CA2F1009AD520 /* Info.plist */,
			);
			path = LoveFinderTests;
			sourceTree = "<group>";
		};
		3EE6DD5E1C7CA2F1009AD520 /* LoveFinderUITests */ = {
			isa = PBXGroup;
			children = (
				3EE6DD5F1C7CA2F1009AD520 /* LoveFinderUITests.swift */,
				3EE6DD611C7CA2F1009AD520 /* Info.plist */,
			);
			path = LoveFinderUITests;
			sourceTree = "<group>";
		};
/* End PBXGroup section */

/* Begin PBXNativeTarget section */
		3EE6DD3B1C7CA2F1009AD520 /* LoveFinder */ = {
			isa = PBXNativeTarget;
			buildConfigurationList = 3EE6DD641C7CA2F1009AD520 /* Build configuration list for PBXNativeTarget "LoveFinder" */;
			buildPhases = (
				3EE6DD381C7CA2F1009AD520 /* Sources */,
				3EE6DD391C7CA2F1009AD520 /* Frameworks */,
				3EE6DD3A1C7CA2F1009AD520 /* Resources */,
			);
			buildRules = (
			);
			dependencies = (
			);
			name = LoveFinder;
			productName = LoveFinder;
			productReference = 3EE6DD3C1C7CA2F1009AD520 /* LoveFinder.app */;
			productType = "com.apple.product-type.application";
		};
		3EE6DD4F1C7CA2F1009AD520 /* LoveFinderTests */ = {
			isa = PBXNativeTarget;
			buildConfigurationList = 3EE6DD671C7CA2F1009AD520 /* Build configuration list for PBXNativeTarget "LoveFinderTests" */;
			buildPhases = (
				3EE6DD4C1C7CA2F1009AD520 /* Sources */,
				3EE6DD4D1C7CA2F1009AD520 /* Frameworks */,
				3EE6DD4E1C7CA2F1009AD520 /* Resources */,
			);
			buildRules = (
			);
			dependencies = (
				3EE6DD521C7CA2F1009AD520 /* PBXTargetDependency */,
			);
			name = LoveFinderTests;
			productName = LoveFinderTests;
			productReference = 3EE6DD501C7CA2F1009AD520 /* LoveFinderTests.xctest */;
			productType = "com.apple.product-type.bundle.unit-test";
		};
		3EE6DD5A1C7CA2F1009AD520 /* LoveFinderUITests */ = {
			isa = PBXNativeTarget;
			buildConfigurationList = 3EE6DD6A1C7CA2F1009AD520 /* Build configuration list for PBXNativeTarget "LoveFinderUITests" */;
			buildPhases = (
				3EE6DD571C7CA2F1009AD520 /* Sources */,
				3EE6DD581C7CA2F1009AD520 /* Frameworks */,
				3EE6DD591C7CA2F1009AD520 /* Resources */,
			);
			buildRules = (
			);
			dependencies = (
				3EE6DD5D1C7CA2F1009AD520 /* PBXTargetDependency */,
			);
			name = LoveFinderUITests;
			productName = LoveFinderUITests;
			productReference = 3EE6DD5B1C7CA2F1009AD520 /* LoveFinderUITests.xctest */;
			productType = "com.apple.product-type.bundle.ui-testing";
		};
/* End PBXNativeTarget section */

/* Begin PBXProject section */
		3EE6DD341C7CA2F1009AD520 /* Project object */ = {
			isa = PBXProject;
			attributes = {
				LastSwiftUpdateCheck = 0720;
				LastUpgradeCheck = 0720;
				ORGANIZATIONNAME = ddd.cc;
				TargetAttributes = {
					3EE6DD3B1C7CA2F1009AD520 = {
						CreatedOnToolsVersion = 7.2;
						DevelopmentTeam = 87CFRK7Q77;
					};
					3EE6DD4F1C7CA2F1009AD520 = {
						CreatedOnToolsVersion = 7.2;
						DevelopmentTeam = 87CFRK7Q77;
						TestTargetID = 3EE6DD3B1C7CA2F1009AD520;
					};
					3EE6DD5A1C7CA2F1009AD520 = {
						CreatedOnToolsVersion = 7.2;
						DevelopmentTeam = 87CFRK7Q77;
						TestTargetID = 3EE6DD3B1C7CA2F1009AD520;
					};
				};
			};
			buildConfigurationList = 3EE6DD371C7CA2F1009AD520 /* Build configuration list for PBXProject "LoveFinder" */;
			compatibilityVersion = "Xcode 3.2";
			developmentRegion = English;
			hasScannedForEncodings = 0;
			knownRegions = (
				en,
				Base,
			);
			mainGroup = 3EE6DD331C7CA2F1009AD520;
			productRefGroup = 3EE6DD3D1C7CA2F1009AD520 /* Products */;
			projectDirPath = "";
			projectRoot = "";
			targets = (
				3EE6DD3B1C7CA2F1009AD520 /* LoveFinder */,
				3EE6DD4F1C7CA2F1009AD520 /* LoveFinderTests */,
				3EE6DD5A1C7CA2F1009AD520 /* LoveFinderUITests */,
			);
		};
/* End PBXProject section */

/* Begin PBXResourcesBuildPhase section */
		3EE6DD3A1C7CA2F1009AD520 /* Resources */ = {
			isa = PBXResourcesBuildPhase;
			buildActionMask = 2147483647;
			files = (
				3EE6DD4A1C7CA2F1009AD520 /* LaunchScreen.storyboard in Resources */,
				3EE6DD471C7CA2F1009AD520 /* Assets.xcassets in Resources */,
				3EE6DD451C7CA2F1009AD520 /* Main.storyboard in Resources */,
			);
			runOnlyForDeploymentPostprocessing = 0;
		};
		3EE6DD4E1C7CA2F1009AD520 /* Resources */ = {
			isa = PBXResourcesBuildPhase;
			buildActionMask = 2147483647;
			files = (
			);
			runOnlyForDeploymentPostprocessing = 0;
		};
		3EE6DD591C7CA2F1009AD520 /* Resources */ = {
			isa = PBXResourcesBuildPhase;
			buildActionMask = 2147483647;
			files = (
			);
			runOnlyForDeploymentPostprocessing = 0;
		};
/* End PBXResourcesBuildPhase section */

/* Begin PBXSourcesBuildPhase section */
		3EE6DD381C7CA2F1009AD520 /* Sources */ = {
			isa = PBXSourcesBuildPhase;
			buildActionMask = 2147483647;
			files = (
				3EE6DD421C7CA2F1009AD520 /* ViewController.swift in Sources */,
				3EE6DD401C7CA2F1009AD520 /* AppDelegate.swift in Sources */,
			);
			runOnlyForDeploymentPostprocessing = 0;
		};
		3EE6DD4C1C7CA2F1009AD520 /* Sources */ = {
			isa = PBXSourcesBuildPhase;
			buildActionMask = 2147483647;
			files = (
				3EE6DD551C7CA2F1009AD520 /* LoveFinderTests.swift in Sources */,
			);
			runOnlyForDeploymentPostprocessing = 0;
		};
		3EE6DD571C7CA2F1009AD520 /* Sources */ = {
			isa = PBXSourcesBuildPhase;
			buildActionMask = 2147483647;
			files = (
				3EE6DD601C7CA2F1009AD520 /* LoveFinderUITests.swift in Sources */,
			);
			runOnlyForDeploymentPostprocessing = 0;
		};
/* End PBXSourcesBuildPhase section */

/* Begin PBXTargetDependency section */
		3EE6DD521C7CA2F1009AD520 /* PBXTargetDependency */ = {
			isa = PBXTargetDependency;
			target = 3EE6DD3B1C7CA2F1009AD520 /* LoveFinder */;
			targetProxy = 3EE6DD511C7CA2F1009AD520 /* PBXContainerItemProxy */;
		};
		3EE6DD5D1C7CA2F1009AD520 /* PBXTargetDependency */ = {
			isa = PBXTargetDependency;
			target = 3EE6DD3B1C7CA2F1009AD520 /* LoveFinder */;
			targetProxy = 3EE6DD5C1C7CA2F1009AD520 /* PBXContainerItemProxy */;
		};
/* End PBXTargetDependency section */

/* Begin PBXVariantGroup section */
		3EE6DD431C7CA2F1009AD520 /* Main.storyboard */ = {
			isa = PBXVariantGroup;
			children = (
				3EE6DD441C7CA2F1009AD520 /* Base */,
			);
			name = Main.storyboard;
			sourceTree = "<group>";
		};
		3EE6DD481C7CA2F1009AD520 /* LaunchScreen.storyboard */ = {
			isa = PBXVariantGroup;
			children = (
				3EE6DD491C7CA2F1009AD520 /* Base */,
			);
			name = LaunchScreen.storyboard;
			sourceTree = "<group>";
		};
/* End PBXVariantGroup section */

/* Begin XCBuildConfiguration section */
		3EE6DD621C7CA2F1009AD520 /* Debug */ = {
			isa = XCBuildConfiguration;
			buildSettings = {
				ALWAYS_SEARCH_USER_PATHS = NO;
				CLANG_CXX_LANGUAGE_STANDARD = "gnu++0x";
				CLANG_CXX_LIBRARY = "libc++";
				CLANG_ENABLE_MODULES = YES;
				CLANG_ENABLE_OBJC_ARC = YES;
				CLANG_WARN_BOOL_CONVERSION = YES;
				CLANG_WARN_CONSTANT_CONVERSION = YES;
				CLANG_WARN_DIRECT_OBJC_ISA_USAGE = YES_ERROR;
				CLANG_WARN_EMPTY_BODY = YES;
				CLANG_WARN_ENUM_CONVERSION = YES;
				CLANG_WARN_INT_CONVERSION = YES;
				CLANG_WARN_OBJC_ROOT_CLASS = YES_ERROR;
				CLANG_WARN_UNREACHABLE_CODE = YES;
				CLANG_WARN__DUPLICATE_METHOD_MATCH = YES;
				"CODE_SIGN_IDENTITY[sdk=iphoneos*]" = "iPhone Developer";
				COPY_PHASE_STRIP = NO;
				DEBUG_INFORMATION_FORMAT = dwarf;
				ENABLE_STRICT_OBJC_MSGSEND = YES;
				ENABLE_TESTABILITY = YES;
				GCC_C_LANGUAGE_STANDARD = gnu99;
				GCC_DYNAMIC_NO_PIC = NO;
				GCC_NO_COMMON_BLOCKS = YES;
				GCC_OPTIMIZATION_LEVEL = 0;
				GCC_PREPROCESSOR_DEFINITIONS = (
					"DEBUG=1",
					"$(inherited)",
				);
				GCC_WARN_64_TO_32_BIT_CONVERSION = YES;
				GCC_WARN_ABOUT_RETURN_TYPE = YES_ERROR;
				GCC_WARN_UNDECLARED_SELECTOR = YES;
				GCC_WARN_UNINITIALIZED_AUTOS = YES_AGGRESSIVE;
				GCC_WARN_UNUSED_FUNCTION = YES;
				GCC_WARN_UNUSED_VARIABLE = YES;
				IPHONEOS_DEPLOYMENT_TARGET = 9.2;
				MTL_ENABLE_DEBUG_INFO = YES;
				ONLY_ACTIVE_ARCH = YES;
				SDKROOT = iphoneos;
				SWIFT_OPTIMIZATION_LEVEL = "-Onone";
			};
			name = Debug;
		};
		3EE6DD631C7CA2F1009AD520 /* Release */ = {
			isa = XCBuildConfiguration;
			buildSettings = {
				ALWAYS_SEARCH_USER_PATHS = NO;
				CLANG_CXX_LANGUAGE_STANDARD = "gnu++0x";
				CLANG_CXX_LIBRARY = "libc++";
				CLANG_ENABLE_MODULES = YES;
				CLANG_ENABLE_OBJC_ARC = YES;
				CLANG_WARN_BOOL_CONVERSION = YES;
				CLANG_WARN_CONSTANT_CONVERSION = YES;
				CLANG_WARN_DIRECT_OBJC_ISA_USAGE = YES_ERROR;
				CLANG_WARN_EMPTY_BODY = YES;
				CLANG_WARN_ENUM_CONVERSION = YES;
				CLANG_WARN_INT_CONVERSION = YES;
				CLANG_WARN_OBJC_ROOT_CLASS = YES_ERROR;
				CLANG_WARN_UNREACHABLE_CODE = YES;
				CLANG_WARN__DUPLICATE_METHOD_MATCH = YES;
				"CODE_SIGN_IDENTITY[sdk=iphoneos*]" = "iPhone Developer";
				COPY_PHASE_STRIP = NO;
				DEBUG_INFORMATION_FORMAT = "dwarf-with-dsym";
				ENABLE_NS_ASSERTIONS = NO;
				ENABLE_STRICT_OBJC_MSGSEND = YES;
				GCC_C_LANGUAGE_STANDARD = gnu99;
				GCC_NO_COMMON_BLOCKS = YES;
				GCC_WARN_64_TO_32_BIT_CONVERSION = YES;
				GCC_WARN_ABOUT_RETURN_TYPE = YES_ERROR;
				GCC_WARN_UNDECLARED_SELECTOR = YES;
				GCC_WARN_UNINITIALIZED_AUTOS = YES_AGGRESSIVE;
				GCC_WARN_UNUSED_FUNCTION = YES;
				GCC_WARN_UNUSED_VARIABLE = YES;
				IPHONEOS_DEPLOYMENT_TARGET = 9.2;
				MTL_ENABLE_DEBUG_INFO = NO;
				SDKROOT = iphoneos;
				VALIDATE_PRODUCT = YES;
			};
			name = Release;
		};
		3EE6DD651C7CA2F1009AD520 /* Debug */ = {
			isa = XCBuildConfiguration;
			buildSettings = {
				ASSETCATALOG_COMPILER_APPICON_NAME = AppIcon;
				INFOPLIST_FILE = LoveFinder/Info.plist;
				LD_RUNPATH_SEARCH_PATHS = "$(inherited) @executable_path/Frameworks";
				PRODUCT_BUNDLE_IDENTIFIER = com.ddd.LoveFinder;
				PRODUCT_NAME = "$(TARGET_NAME)";
			};
			name = Debug;
		};
		3EE6DD661C7CA2F1009AD520 /* Release */ = {
			isa = XCBuildConfiguration;
			buildSettings = {
				ASSETCATALOG_COMPILER_APPICON_NAME = AppIcon;
				INFOPLIST_FILE = LoveFinder/Info.plist;
				LD_RUNPATH_SEARCH_PATHS = "$(inherited) @executable_path/Frameworks";
				PRODUCT_BUNDLE_IDENTIFIER = com.ddd.LoveFinder;
				PRODUCT_NAME = "$(TARGET_NAME)";
			};
			name = Release;
		};
		3EE6DD681C7CA2F1009AD520 /* Debug */ = {
			isa = XCBuildConfiguration;
			buildSettings = {
				BUNDLE_LOADER = "$(TEST_HOST)";
				INFOPLIST_FILE = LoveFinderTests/Info.plist;
				LD_RUNPATH_SEARCH_PATHS = "$(inherited) @executable_path/Frameworks @loader_path/Frameworks";
				PRODUCT_BUNDLE_IDENTIFIER = com.ddd.LoveFinderTests;
				PRODUCT_NAME = "$(TARGET_NAME)";
				TEST_HOST = "$(BUILT_PRODUCTS_DIR)/LoveFinder.app/LoveFinder";
			};
			name = Debug;
		};
		3EE6DD691C7CA2F1009AD520 /* Release */ = {
			isa = XCBuildConfiguration;
			buildSettings = {
				BUNDLE_LOADER = "$(TEST_HOST)";
				INFOPLIST_FILE = LoveFinderTests/Info.plist;
				LD_RUNPATH_SEARCH_PATHS = "$(inherited) @executable_path/Frameworks @loader_path/Frameworks";
				PRODUCT_BUNDLE_IDENTIFIER = com.ddd.LoveFinderTests;
				PRODUCT_NAME = "$(TARGET_NAME)";
				TEST_HOST = "$(BUILT_PRODUCTS_DIR)/LoveFinder.app/LoveFinder";
			};
			name = Release;
		};
		3EE6DD6B1C7CA2F1009AD520 /* Debug */ = {
			isa = XCBuildConfiguration;
			buildSettings = {
				INFOPLIST_FILE = LoveFinderUITests/Info.plist;
				LD_RUNPATH_SEARCH_PATHS = "$(inherited) @executable_path/Frameworks @loader_path/Frameworks";
				PRODUCT_BUNDLE_IDENTIFIER = com.ddd.LoveFinderUITests;
				PRODUCT_NAME = "$(TARGET_NAME)";
				TEST_TARGET_NAME = LoveFinder;
				USES_XCTRUNNER = YES;
			};
			name = Debug;
		};
		3EE6DD6C1C7CA2F1009AD520 /* Release */ = {
			isa = XCBuildConfiguration;
			buildSettings = {
				INFOPLIST_FILE = LoveFinderUITests/Info.plist;
				LD_RUNPATH_SEARCH_PATHS = "$(inherited) @executable_path/Frameworks @loader_path/Frameworks";
				PRODUCT_BUNDLE_IDENTIFIER = com.ddd.LoveFinderUITests;
				PRODUCT_NAME = "$(TARGET_NAME)";
				TEST_TARGET_NAME = LoveFinder;
				USES_XCTRUNNER = YES;
			};
			name = Release;
		};
/* End XCBuildConfiguration section */

/* Begin XCConfigurationList section */
		3EE6DD371C7CA2F1009AD520 /* Build configuration list for PBXProject "LoveFinder" */ = {
			isa = XCConfigurationList;
			buildConfigurations = (
				3EE6DD621C7CA2F1009AD520 /* Debug */,
				3EE6DD631C7CA2F1009AD520 /* Release */,
			);
			defaultConfigurationIsVisible = 0;
			defaultConfigurationName = Release;
		};
		3EE6DD641C7CA2F1009AD520 /* Build configuration list for PBXNativeTarget "LoveFinder" */ = {
			isa = XCConfigurationList;
			buildConfigurations = (
				3EE6DD651C7CA2F1009AD520 /* Debug */,
				3EE6DD661C7CA2F1009AD520 /* Release */,
			);
			defaultConfigurationIsVisible = 0;
		};
		3EE6DD671C7CA2F1009AD520 /* Build configuration list for PBXNativeTarget "LoveFinderTests" */ = {
			isa = XCConfigurationList;
			buildConfigurations = (
				3EE6DD681C7CA2F1009AD520 /* Debug */,
				3EE6DD691C7CA2F1009AD520 /* Release */,
			);
			defaultConfigurationIsVisible = 0;
		};
		3EE6DD6A1C7CA2F1009AD520 /* Build configuration list for PBXNativeTarget "LoveFinderUITests" */ = {
			isa = XCConfigurationList;
			buildConfigurations = (
				3EE6DD6B1C7CA2F1009AD520 /* Debug */,
				3EE6DD6C1C7CA2F1009AD520 /* Release */,
			);
			defaultConfigurationIsVisible = 0;
		};
/* End XCConfigurationList section */
	};
	rootObject = 3EE6DD341C7CA2F1009AD520 /* Project object */;
}
